
Microsoft Visual Studio Solution File, Format Version 12.00
# Visual Studio Version 17
VisualStudioVersion = 17.1.32414.318
MinimumVisualStudioVersion = 10.0.40219.1
Project("{FAE04EC0-301F-11D3-BF4B-00C04F79EFBC}") = "Blink", "Blink.csproj", "{9677B4D1-EED4-4FEE-B6B5-490B8929DC4D}"
EndProject
Global
	GlobalSection(SolutionConfigurationPlatforms) = preSolution
		Debug|Any CPU = Debug|Any CPU
		Release|Any CPU = Release|Any CPU
	EndGlobalSection
	GlobalSection(ProjectConfigurationPlatforms) = postSolution
		{9677B4D1-EED4-4FEE-B6B5-490B8929DC4D}.Debug|Any CPU.ActiveCfg = Debug|Any CPU
		{9677B4D1-EED4-4FEE-B6B5-490B8929DC4D}.Debug|Any CPU.Build.0 = Debug|Any CPU
		{9677B4D1-EED4-4FEE-B6B5-490B8929DC4D}.Release|Any CPU.ActiveCfg = Release|Any CPU
		{9677B4D1-EED4-4FEE-B6B5-490B8929DC4D}.Release|Any CPU.Build.0 = Release|Any CPU
	EndGlobalSection
	GlobalSection(SolutionProperties) = preSolution
		HideSolutionNode = FALSE
	EndGlobalSection
	GlobalSection(ExtensibilityGlobals) = postSolution
		SolutionGuid = {28A016D1-E79B-4086-9C94-C34CE92D4C2C}
	EndGlobalSection
EndGlobal
